
Microsoft Visual Studio Solution File, Format Version 12.00
# Visual Studio Version 17
VisualStudioVersion = 17.1.32210.238
MinimumVisualStudioVersion = 10.0.40219.1
Project("{FAE04EC0-301F-11D3-BF4B-00C04F79EFBC}") = "Symulator_centralnego_ogrzewania", "Projekt_inz_1\Symulator_centralnego_ogrzewania.csproj", "{A23018A7-5882-4882-AC20-154B0DEC3379}"
EndProject
Global
	GlobalSection(SolutionConfigurationPlatforms) = preSolution
		Debug|Any CPU = Debug|Any CPU
		Release|Any CPU = Release|Any CPU
	EndGlobalSection
	GlobalSection(ProjectConfigurationPlatforms) = postSolution
		{A23018A7-5882-4882-AC20-154B0DEC3379}.Debug|Any CPU.ActiveCfg = Debug|Any CPU
		{A23018A7-5882-4882-AC20-154B0DEC3379}.Debug|Any CPU.Build.0 = Debug|Any CPU
		{A23018A7-5882-4882-AC20-154B0DEC3379}.Release|Any CPU.ActiveCfg = Release|Any CPU
		{A23018A7-5882-4882-AC20-154B0DEC3379}.Release|Any CPU.Build.0 = Release|Any CPU
	EndGlobalSection
	GlobalSection(SolutionProperties) = preSolution
		HideSolutionNode = FALSE
	EndGlobalSection
	GlobalSection(ExtensibilityGlobals) = postSolution
		SolutionGuid = {72B1D22E-802D-4B9B-AD35-0EA3000FEA59}
	EndGlobalSection
EndGlobal
